
Microsoft Visual Studio Solution File, Format Version 12.00
# Visual Studio Version 17
VisualStudioVersion = 17.13.35825.156
MinimumVisualStudioVersion = 10.0.40219.1
Project("{FAE04EC0-301F-11D3-BF4B-00C04F79EFBC}") = "FourthModulExam", "FourthModulExam\FourthModulExam.csproj", "{1A1444FC-C54D-4117-A8FD-5E4A2F0EBF6C}"
EndProject
Project("{FAE04EC0-301F-11D3-BF4B-00C04F79EFBC}") = "EntityDal", "EntityDal\EntityDal.csproj", "{7629FB09-C024-4197-954F-A04E74541210}"
EndProject
Project("{FAE04EC0-301F-11D3-BF4B-00C04F79EFBC}") = "UserBll", "UserBll\UserBll.csproj", "{F12BCEC5-B635-48A8-A052-439C400580F9}"
EndProject
Global
	GlobalSection(SolutionConfigurationPlatforms) = preSolution
		Debug|Any CPU = Debug|Any CPU
		Release|Any CPU = Release|Any CPU
	EndGlobalSection
	GlobalSection(ProjectConfigurationPlatforms) = postSolution
		{1A1444FC-C54D-4117-A8FD-5E4A2F0EBF6C}.Debug|Any CPU.ActiveCfg = Debug|Any CPU
		{1A1444FC-C54D-4117-A8FD-5E4A2F0EBF6C}.Debug|Any CPU.Build.0 = Debug|Any CPU
		{1A1444FC-C54D-4117-A8FD-5E4A2F0EBF6C}.Release|Any CPU.ActiveCfg = Release|Any CPU
		{1A1444FC-C54D-4117-A8FD-5E4A2F0EBF6C}.Release|Any CPU.Build.0 = Release|Any CPU
		{7629FB09-C024-4197-954F-A04E74541210}.Debug|Any CPU.ActiveCfg = Debug|Any CPU
		{7629FB09-C024-4197-954F-A04E74541210}.Debug|Any CPU.Build.0 = Debug|Any CPU
		{7629FB09-C024-4197-954F-A04E74541210}.Release|Any CPU.ActiveCfg = Release|Any CPU
		{7629FB09-C024-4197-954F-A04E74541210}.Release|Any CPU.Build.0 = Release|Any CPU
		{F12BCEC5-B635-48A8-A052-439C400580F9}.Debug|Any CPU.ActiveCfg = Debug|Any CPU
		{F12BCEC5-B635-48A8-A052-439C400580F9}.Debug|Any CPU.Build.0 = Debug|Any CPU
		{F12BCEC5-B635-48A8-A052-439C400580F9}.Release|Any CPU.ActiveCfg = Release|Any CPU
		{F12BCEC5-B635-48A8-A052-439C400580F9}.Release|Any CPU.Build.0 = Release|Any CPU
	EndGlobalSection
	GlobalSection(SolutionProperties) = preSolution
		HideSolutionNode = FALSE
	EndGlobalSection
	GlobalSection(ExtensibilityGlobals) = postSolution
		SolutionGuid = {3E6B226D-4E98-4C33-B97D-65E7E442171E}
	EndGlobalSection
EndGlobal
